
Microsoft Visual Studio Solution File, Format Version 12.00
# Visual Studio 15
VisualStudioVersion = 15.0.27130.2027
MinimumVisualStudioVersion = 10.0.40219.1
Project("{FAE04EC0-301F-11D3-BF4B-00C04F79EFBC}") = "ExtraCredit", "ExtraCredit\ExtraCredit.csproj", "{0BAF11C0-411D-499E-A0C2-D462F6F166D7}"
EndProject
Global
	GlobalSection(SolutionConfigurationPlatforms) = preSolution
		Debug|Any CPU = Debug|Any CPU
		Release|Any CPU = Release|Any CPU
	EndGlobalSection
	GlobalSection(ProjectConfigurationPlatforms) = postSolution
		{0BAF11C0-411D-499E-A0C2-D462F6F166D7}.Debug|Any CPU.ActiveCfg = Debug|Any CPU
		{0BAF11C0-411D-499E-A0C2-D462F6F166D7}.Debug|Any CPU.Build.0 = Debug|Any CPU
		{0BAF11C0-411D-499E-A0C2-D462F6F166D7}.Release|Any CPU.ActiveCfg = Release|Any CPU
		{0BAF11C0-411D-499E-A0C2-D462F6F166D7}.Release|Any CPU.Build.0 = Release|Any CPU
	EndGlobalSection
	GlobalSection(SolutionProperties) = preSolution
		HideSolutionNode = FALSE
	EndGlobalSection
	GlobalSection(ExtensibilityGlobals) = postSolution
		SolutionGuid = {5B2F38FC-E7D0-4BFA-8DD8-E1D5355F0DB6}
	EndGlobalSection
EndGlobal
